
Microsoft Visual Studio Solution File, Format Version 12.00
# Visual Studio 2012
Project("{CC5FD16D-436D-48AD-A40C-5A424C6E3E79}") = "VisualBitcoin", "VisualBitcoin\VisualBitcoin.ccproj", "{38A1BEBB-C2E4-41D0-BCB1-76F3806C93E7}"
EndProject
Project("{FAE04EC0-301F-11D3-BF4B-00C04F79EFBC}") = "WebRole", "WebRole\WebRole.csproj", "{2074F0AE-DB1D-4ED2-8CFD-E20C1C31981F}"
EndProject
Global
	GlobalSection(SolutionConfigurationPlatforms) = preSolution
		Debug|Any CPU = Debug|Any CPU
		Release|Any CPU = Release|Any CPU
	EndGlobalSection
	GlobalSection(ProjectConfigurationPlatforms) = postSolution
		{38A1BEBB-C2E4-41D0-BCB1-76F3806C93E7}.Debug|Any CPU.ActiveCfg = Debug|Any CPU
		{38A1BEBB-C2E4-41D0-BCB1-76F3806C93E7}.Debug|Any CPU.Build.0 = Debug|Any CPU
		{38A1BEBB-C2E4-41D0-BCB1-76F3806C93E7}.Release|Any CPU.ActiveCfg = Release|Any CPU
		{38A1BEBB-C2E4-41D0-BCB1-76F3806C93E7}.Release|Any CPU.Build.0 = Release|Any CPU
		{2074F0AE-DB1D-4ED2-8CFD-E20C1C31981F}.Debug|Any CPU.ActiveCfg = Debug|Any CPU
		{2074F0AE-DB1D-4ED2-8CFD-E20C1C31981F}.Debug|Any CPU.Build.0 = Debug|Any CPU
		{2074F0AE-DB1D-4ED2-8CFD-E20C1C31981F}.Release|Any CPU.ActiveCfg = Release|Any CPU
		{2074F0AE-DB1D-4ED2-8CFD-E20C1C31981F}.Release|Any CPU.Build.0 = Release|Any CPU
	EndGlobalSection
	GlobalSection(SolutionProperties) = preSolution
		HideSolutionNode = FALSE
	EndGlobalSection
EndGlobal
