
Microsoft Visual Studio Solution File, Format Version 12.00
# Visual Studio 2012
Project("{CC5FD16D-436D-48AD-A40C-5A424C6E3E79}") = "VisualBitcoin", "VisualBitcoin\VisualBitcoin.ccproj", "{5F1744BB-5A0A-4389-8B3F-430244396DF7}"
EndProject
Project("{FAE04EC0-301F-11D3-BF4B-00C04F79EFBC}") = "Storage", "Storage\Storage.csproj", "{3643A959-44CF-4B8F-AA72-9765A9B438A7}"
EndProject
Project("{FAE04EC0-301F-11D3-BF4B-00C04F79EFBC}") = "WebRole", "WebRole\WebRole.csproj", "{65145C8D-970E-40D1-9A96-A6BE9B18D2A1}"
EndProject
Project("{2150E333-8FDC-42A3-9474-1A3956D46DE8}") = ".nuget", ".nuget", "{C7CE1EC3-EFF1-476F-8965-4766229577B8}"
	ProjectSection(SolutionItems) = preProject
		.nuget\NuGet.Config = .nuget\NuGet.Config
		.nuget\NuGet.exe = .nuget\NuGet.exe
		.nuget\NuGet.targets = .nuget\NuGet.targets
	EndProjectSection
EndProject
Project("{FAE04EC0-301F-11D3-BF4B-00C04F79EFBC}") = "UnitTest", "UnitTest\UnitTest.csproj", "{9BA03872-F719-4E38-8230-1178814B02D9}"
EndProject
Global
	GlobalSection(SolutionConfigurationPlatforms) = preSolution
		Debug|Any CPU = Debug|Any CPU
		Release|Any CPU = Release|Any CPU
	EndGlobalSection
	GlobalSection(ProjectConfigurationPlatforms) = postSolution
		{5F1744BB-5A0A-4389-8B3F-430244396DF7}.Debug|Any CPU.ActiveCfg = Debug|Any CPU
		{5F1744BB-5A0A-4389-8B3F-430244396DF7}.Debug|Any CPU.Build.0 = Debug|Any CPU
		{5F1744BB-5A0A-4389-8B3F-430244396DF7}.Release|Any CPU.ActiveCfg = Release|Any CPU
		{5F1744BB-5A0A-4389-8B3F-430244396DF7}.Release|Any CPU.Build.0 = Release|Any CPU
		{3643A959-44CF-4B8F-AA72-9765A9B438A7}.Debug|Any CPU.ActiveCfg = Debug|Any CPU
		{3643A959-44CF-4B8F-AA72-9765A9B438A7}.Debug|Any CPU.Build.0 = Debug|Any CPU
		{3643A959-44CF-4B8F-AA72-9765A9B438A7}.Release|Any CPU.ActiveCfg = Release|Any CPU
		{3643A959-44CF-4B8F-AA72-9765A9B438A7}.Release|Any CPU.Build.0 = Release|Any CPU
		{65145C8D-970E-40D1-9A96-A6BE9B18D2A1}.Debug|Any CPU.ActiveCfg = Debug|Any CPU
		{65145C8D-970E-40D1-9A96-A6BE9B18D2A1}.Debug|Any CPU.Build.0 = Debug|Any CPU
		{65145C8D-970E-40D1-9A96-A6BE9B18D2A1}.Release|Any CPU.ActiveCfg = Release|Any CPU
		{65145C8D-970E-40D1-9A96-A6BE9B18D2A1}.Release|Any CPU.Build.0 = Release|Any CPU
		{9BA03872-F719-4E38-8230-1178814B02D9}.Debug|Any CPU.ActiveCfg = Debug|Any CPU
		{9BA03872-F719-4E38-8230-1178814B02D9}.Debug|Any CPU.Build.0 = Debug|Any CPU
		{9BA03872-F719-4E38-8230-1178814B02D9}.Release|Any CPU.ActiveCfg = Release|Any CPU
		{9BA03872-F719-4E38-8230-1178814B02D9}.Release|Any CPU.Build.0 = Release|Any CPU
	EndGlobalSection
	GlobalSection(SolutionProperties) = preSolution
		HideSolutionNode = FALSE
	EndGlobalSection
EndGlobal
